
Microsoft Visual Studio Solution File, Format Version 12.00
# Visual Studio Version 16
VisualStudioVersion = 16.0.28729.10
MinimumVisualStudioVersion = 10.0.40219.1
Project("{FAE04EC0-301F-11D3-BF4B-00C04F79EFBC}") = "InstrumentControlLibrary", "InstrumentControlLibrary\InstrumentControlLibrary.csproj", "{E5F3C26E-C075-419E-B9D5-513426E6A196}"
EndProject
Project("{FAE04EC0-301F-11D3-BF4B-00C04F79EFBC}") = "ConsoleApp", "ConsoleApp\ConsoleApp.csproj", "{3FCDFF53-BD92-40AF-8E93-304C9FA3CF88}"
EndProject
Global
	GlobalSection(SolutionConfigurationPlatforms) = preSolution
		Debug|Any CPU = Debug|Any CPU
		Release|Any CPU = Release|Any CPU
	EndGlobalSection
	GlobalSection(ProjectConfigurationPlatforms) = postSolution
		{E5F3C26E-C075-419E-B9D5-513426E6A196}.Debug|Any CPU.ActiveCfg = Debug|Any CPU
		{E5F3C26E-C075-419E-B9D5-513426E6A196}.Debug|Any CPU.Build.0 = Debug|Any CPU
		{E5F3C26E-C075-419E-B9D5-513426E6A196}.Release|Any CPU.ActiveCfg = Release|Any CPU
		{E5F3C26E-C075-419E-B9D5-513426E6A196}.Release|Any CPU.Build.0 = Release|Any CPU
		{3FCDFF53-BD92-40AF-8E93-304C9FA3CF88}.Debug|Any CPU.ActiveCfg = Debug|Any CPU
		{3FCDFF53-BD92-40AF-8E93-304C9FA3CF88}.Debug|Any CPU.Build.0 = Debug|Any CPU
		{3FCDFF53-BD92-40AF-8E93-304C9FA3CF88}.Release|Any CPU.ActiveCfg = Release|Any CPU
		{3FCDFF53-BD92-40AF-8E93-304C9FA3CF88}.Release|Any CPU.Build.0 = Release|Any CPU
	EndGlobalSection
	GlobalSection(SolutionProperties) = preSolution
		HideSolutionNode = FALSE
	EndGlobalSection
	GlobalSection(ExtensibilityGlobals) = postSolution
		SolutionGuid = {BAC3268B-FFE8-492D-BAE1-33DA36DBDF5D}
	EndGlobalSection
EndGlobal
